
Microsoft Visual Studio Solution File, Format Version 12.00
# Visual Studio Version 16
VisualStudioVersion = 16.0.30804.86
MinimumVisualStudioVersion = 10.0.40219.1
Project("{8BC9CEB8-8B4A-11D0-8D11-00A0C91BC942}") = "a03", "a03\a03.vcxproj", "{B888F111-128C-4B35-905C-797413655237}"
EndProject
Global
	GlobalSection(SolutionConfigurationPlatforms) = preSolution
		Debug|x64 = Debug|x64
		Debug|x86 = Debug|x86
		Release|x64 = Release|x64
		Release|x86 = Release|x86
	EndGlobalSection
	GlobalSection(ProjectConfigurationPlatforms) = postSolution
		{B888F111-128C-4B35-905C-797413655237}.Debug|x64.ActiveCfg = Debug|x64
		{B888F111-128C-4B35-905C-797413655237}.Debug|x64.Build.0 = Debug|x64
		{B888F111-128C-4B35-905C-797413655237}.Debug|x86.ActiveCfg = Debug|Win32
		{B888F111-128C-4B35-905C-797413655237}.Debug|x86.Build.0 = Debug|Win32
		{B888F111-128C-4B35-905C-797413655237}.Release|x64.ActiveCfg = Release|x64
		{B888F111-128C-4B35-905C-797413655237}.Release|x64.Build.0 = Release|x64
		{B888F111-128C-4B35-905C-797413655237}.Release|x86.ActiveCfg = Release|Win32
		{B888F111-128C-4B35-905C-797413655237}.Release|x86.Build.0 = Release|Win32
	EndGlobalSection
	GlobalSection(SolutionProperties) = preSolution
		HideSolutionNode = FALSE
	EndGlobalSection
	GlobalSection(ExtensibilityGlobals) = postSolution
		SolutionGuid = {C0387B87-AB74-49D2-8F84-E3F76E899A5D}
	EndGlobalSection
EndGlobal
